{
  "nodes": {
    "flake-utils": {
      "inputs": {
        "systems": "systems"
      },
      "locked": {
        "lastModified": 1731533236,
        "narHash": "sha256-l0KFg5HjrsfsO/JpG+r7fRrqm12kzFHyUHqHCVpMMbI=",
        "owner": "numtide",
        "repo": "flake-utils",
        "rev": "11707dc2f618dd54ca8739b309ec4fc024de578b",
        "type": "github"
      },
      "original": {
        "owner": "numtide",
        "repo": "flake-utils",
        "type": "github"
      }
    },
    "nixpkgs": {
      "locked": {
        "lastModified": 1742226784,
        "narHash": "sha256-JihbF3gCggOPo60orCo2EZZALwqvidFYxGxl/qCVGEM=",
        "owner": "nixos",
        "repo": "nixpkgs",
        "rev": "29b8c9dcfbd58ae258b7a6ea0a61b62e0d13fc23",
        "type": "github"
      },
      "original": {
        "owner": "nixos",
        "repo": "nixpkgs",
        "type": "github"
      }
    },
    "rofi-themes": {
      "flake": false,
      "locked": {
        "lastModified": 1740755062,
        "narHash": "sha256-wwLcb7z5jCKgKPY5mNhYIoPvKbVO3PwULrJ+Lm3Ra7g=",
        "owner": "adi1090x",
        "repo": "rofi",
        "rev": "9d27f13bc7aabeaf755a32fcc640713256f7433e",
        "type": "github"
      },
      "original": {
        "owner": "adi1090x",
        "repo": "rofi",
        "type": "github"
      }
    },
    "root": {
      "inputs": {
        "flake-utils": "flake-utils",
        "nixpkgs": "nixpkgs",
        "rofi-themes": "rofi-themes"
      }
    },
    "systems": {
      "locked": {
        "lastModified": 1681028828,
        "narHash": "sha256-Vy1rq5AaRuLzOxct8nz4T6wlgyUR7zLU309k9mBC768=",
        "owner": "nix-systems",
        "repo": "default",
        "rev": "da67096a3b9bf56a91d16901293e51ba5b49a27e",
        "type": "github"
      },
      "original": {
        "owner": "nix-systems",
        "repo": "default",
        "type": "github"
      }
    }
  },
  "root": "root",
  "version": 7
}
